
Microsoft Visual Studio Solution File, Format Version 12.00
# Visual Studio Version 16
VisualStudioVersion = 16.0.29403.142
MinimumVisualStudioVersion = 10.0.40219.1
Project("{FAE04EC0-301F-11D3-BF4B-00C04F79EFBC}") = "GetRoadRunner", "GetRoadRunner\GetRoadRunner.csproj", "{475F1803-E9B1-442F-B020-5377649C2E0D}"
EndProject
Global
	GlobalSection(SolutionConfigurationPlatforms) = preSolution
		Debug|Any CPU = Debug|Any CPU
		Release|Any CPU = Release|Any CPU
	EndGlobalSection
	GlobalSection(ProjectConfigurationPlatforms) = postSolution
		{475F1803-E9B1-442F-B020-5377649C2E0D}.Debug|Any CPU.ActiveCfg = Debug|Any CPU
		{475F1803-E9B1-442F-B020-5377649C2E0D}.Debug|Any CPU.Build.0 = Debug|Any CPU
		{475F1803-E9B1-442F-B020-5377649C2E0D}.Release|Any CPU.ActiveCfg = Release|Any CPU
		{475F1803-E9B1-442F-B020-5377649C2E0D}.Release|Any CPU.Build.0 = Release|Any CPU
	EndGlobalSection
	GlobalSection(SolutionProperties) = preSolution
		HideSolutionNode = FALSE
	EndGlobalSection
	GlobalSection(ExtensibilityGlobals) = postSolution
		SolutionGuid = {78FEA212-B097-4B5F-875B-55C0B5939D9D}
	EndGlobalSection
EndGlobal
